lockfileVersion: 5.3

specifiers:
  '@cloudflare/workers-types': ^3.4.0
  '@worker-tools/html': ^2.0.0-pre.6
  '@worker-tools/middleware': ^0.1.0-pre.11
  '@worker-tools/response-creators': ^1.2.0-pre.3
  '@worker-tools/router': ^0.1.0-pre.13
  esbuild: ^0.14.34
  miniflare: ^2.4.0
  urlpattern-polyfill: ^4.0.3

dependencies:
  '@worker-tools/html': 2.0.0-pre.6
  '@worker-tools/middleware': 0.1.0-pre.11
  '@worker-tools/response-creators': 1.2.0-pre.3
  '@worker-tools/router': 0.1.0-pre.13
  urlpattern-polyfill: 4.0.3

devDependencies:
  '@cloudflare/workers-types': 3.4.0
  esbuild: 0.14.34
  miniflare: 2.4.0

packages:

  /@cloudflare/workers-types/3.4.0:
    resolution: {integrity: sha512-i/3czUrt6YqbOWl44OtIqd0cSZvEVXp/1oD/DZylC4PHZL3q/BhbamdEVeVhc/HPk4iD/7MZ2HGaIMO4Z4b12A==}
    dev: true

  /@iarna/toml/2.2.5:
    resolution: {integrity: sha512-trnsAYxU3xnS1gPHPyU961coFyLkh4gAD/0zQ5mymY4yOZ+CYvsPqUbOFSw0aDM4y0tV7tiFxL/1XfXPNC6IPg==}
    dev: true

  /@miniflare/cache/2.4.0:
    resolution: {integrity: sha512-tMDXlUVlThgFubJmlxZoKmLK8kBxDmuMbVMt7csHpXegzkuo2TmIsDqBE/C3CRiJ5xeCQgpD6iZtKBu5Zn5fRA==}
    engines: {node: '>=16.7'}
    dependencies:
      '@miniflare/core': 2.4.0
      '@miniflare/shared': 2.4.0
      http-cache-semantics: 4.1.0
      undici: 4.13.0
    dev: true

  /@miniflare/cli-parser/2.4.0:
    resolution: {integrity: sha512-Xr5lO8f+oIr9r/b2dfo0on1p0MNN+pkwRHWoY5ACSnp9FaGnwm/g71DM7AajIQPIk0TpRsSVNDx8Ygj1LPT+sQ==}
    engines: {node: '>=16.7'}
    dependencies:
      '@miniflare/shared': 2.4.0
      kleur: 4.1.4
    dev: true

  /@miniflare/core/2.4.0:
    resolution: {integrity: sha512-vYl8xaWTFzxtkbzx3IkT4Py0OAFdfmFnVo627O1HKHWVGlkjVr8UKtxBpIR+f5pq/HCMzzqA1HM9FXO0dQfy3A==}
    engines: {node: '>=16.7'}
    dependencies:
      '@iarna/toml': 2.2.5
      '@miniflare/shared': 2.4.0
      '@miniflare/watcher': 2.4.0
      busboy: 0.3.1
      dotenv: 10.0.0
      kleur: 4.1.4
      set-cookie-parser: 2.4.8
      undici: 4.13.0
    dev: true

  /@miniflare/durable-objects/2.4.0:
    resolution: {integrity: sha512-VVLaUXXcAQcYE/3YmDLTacZf5OzR8bib6q1T9NqVb0uK5sLMQqyHvQdsG5rMqs7iyxfJxyZ0bL2OW9XGALOkoQ==}
    engines: {node: '>=16.7'}
    dependencies:
      '@miniflare/core': 2.4.0
      '@miniflare/shared': 2.4.0
      '@miniflare/storage-memory': 2.4.0
      undici: 4.13.0
    dev: true

  /@miniflare/html-rewriter/2.4.0:
    resolution: {integrity: sha512-ZG8819N7LelDD+8+Ss5FZpVyQQq/V2igod0qE68JK4he/w4/yn57Rk6Efb49y15HoHAXl2RpCCsnCyIow/Xjug==}
    engines: {node: '>=16.7'}
    dependencies:
      '@miniflare/core': 2.4.0
      '@miniflare/shared': 2.4.0
      html-rewriter-wasm: 0.4.1
      undici: 4.13.0
    dev: true

  /@miniflare/http-server/2.4.0:
    resolution: {integrity: sha512-r6Z/nqxE0oa1z63L95yvnG0PUeLRxZOeGS7ADxZMFKan4WD5lvYtSKDuDEm0lkbQshCOHQ3uXFr0cotOm8JoMQ==}
    engines: {node: '>=16.7'}
    dependencies:
      '@miniflare/core': 2.4.0
      '@miniflare/shared': 2.4.0
      '@miniflare/web-sockets': 2.4.0
      kleur: 4.1.4
      selfsigned: 2.0.1
      undici: 4.13.0
      ws: 8.5.0
      youch: 2.2.2
    transitivePeerDependencies:
      - bufferutil
      - utf-8-validate
    dev: true

  /@miniflare/kv/2.4.0:
    resolution: {integrity: sha512-1UW7f1386xR6EDEXNZOR1TpFwQfRRSxUPqD6m/U0WprlsbM0cIYGz+AUeaVbkFf8lfE2MeXCUrjbWsLOvsnw3g==}
    engines: {node: '>=16.7'}
    dependencies:
      '@miniflare/shared': 2.4.0
    dev: true

  /@miniflare/runner-vm/2.4.0:
    resolution: {integrity: sha512-7sdwBYzXQTwYeR3tTvQ+vJfzc7BXwqR8AUPK9l5gvCtg+Geq9sMslr5SikIJpgcvbYqKDjvC9DQEPJ3sqr9cSQ==}
    engines: {node: '>=16.7'}
    dependencies:
      '@miniflare/shared': 2.4.0
    dev: true

  /@miniflare/scheduler/2.4.0:
    resolution: {integrity: sha512-dfMCXoAS8Y+3xABNxYju62I2xIBS54Op7ohCHoatvAM5RvualJUPICEMPZzX6/z29q5xPIeSLhLDhl/asAQ19w==}
    engines: {node: '>=16.7'}
    dependencies:
      '@miniflare/core': 2.4.0
      '@miniflare/shared': 2.4.0
      cron-schedule: 3.0.5
    dev: true

  /@miniflare/shared/2.4.0:
    resolution: {integrity: sha512-lPQFzBUVGNQ93gQ/dliToWnO0OqAgsD3/902Pd/IixVSRwRj3BTnYv2dHMUKZcODBPrhnbqZeqcPWdBLzEx8uw==}
    engines: {node: '>=16.7'}
    dependencies:
      ignore: 5.2.0
      kleur: 4.1.4
    dev: true

  /@miniflare/sites/2.4.0:
    resolution: {integrity: sha512-YZy/TujnR1lkBvCncDDQ8tsWsXRE4JJ4x9a0bKN/XnZh7r6OhDM0sw4BFcBQhT6Ukdtttam1O3FlJxnMitrDGg==}
    engines: {node: '>=16.7'}
    dependencies:
      '@miniflare/kv': 2.4.0
      '@miniflare/shared': 2.4.0
      '@miniflare/storage-file': 2.4.0
    dev: true

  /@miniflare/storage-file/2.4.0:
    resolution: {integrity: sha512-f1AUMz8xps/4VhNJMb8JeCevZFeU4pg2lIWmC11gG4xeq2nibTPBi6Qtx594Le7ZKij/tF6rRsoNfGau2Q5gdw==}
    engines: {node: '>=16.7'}
    dependencies:
      '@miniflare/shared': 2.4.0
      '@miniflare/storage-memory': 2.4.0
    dev: true

  /@miniflare/storage-memory/2.4.0:
    resolution: {integrity: sha512-mhWwgHhDNtEa7y1bYbdVucV0lqUmzagYXUSppAdSGS5JPyJMyw3HseqRNTk6gC/vKlvEYlFf3ugWcREGCedr9A==}
    engines: {node: '>=16.7'}
    dependencies:
      '@miniflare/shared': 2.4.0
    dev: true

  /@miniflare/watcher/2.4.0:
    resolution: {integrity: sha512-gDQRUxwOjmctvowyd4Hcdy3fjxz3ERKzirp6TvA3AWUohKZk3IhwGlaA8aCwbdP+ELYQlG5wK44AfLSGi956fg==}
    engines: {node: '>=16.7'}
    dependencies:
      '@miniflare/shared': 2.4.0
    dev: true

  /@miniflare/web-sockets/2.4.0:
    resolution: {integrity: sha512-cz/cN0GoQOXRLh80UmlcEJODPIw2ijKBK3PLRzvfTzqQ5avK6wp2M8Fj8C/5JIT6g7siwvBANyKXD3U3RpKGHQ==}
    engines: {node: '>=16.7'}
    dependencies:
      '@miniflare/core': 2.4.0
      '@miniflare/shared': 2.4.0
      undici: 4.13.0
      ws: 8.5.0
    transitivePeerDependencies:
      - bufferutil
      - utf-8-validate
    dev: true

  /@types/stack-trace/0.0.29:
    resolution: {integrity: sha512-TgfOX+mGY/NyNxJLIbDWrO9DjGoVSW9+aB8H2yy1fy32jsvxijhmyJI9fDFgvz3YP4lvJaq9DzdR/M1bOgVc9g==}
    dev: true

  /@worker-tools/encrypted-cookie-store/0.3.0-pre.4:
    resolution: {integrity: sha512-0CifH775j6enGR+UFQSazpFbTCNueH6HOniX07JcieF4k6RQ8knW2IAoK4Z/q1oxDkJVYhQ0+w80zwFitZR7fg==}
    dependencies:
      base64-encoding: 0.15.0-alpha.0
      cookie-store-interface: 0.1.1
      typed-array-utils: 0.2.2
      uuid-class: 0.13.0-alpha.0
    dev: false

  /@worker-tools/extendable-promise/0.2.0-pre.6:
    resolution: {integrity: sha512-nnBSlOCkqQ++ka09hPR+03ddGNX3kYeyIfs5f5uR3MFBuXeM/5qkfYUG6yhZ8/9MhMwiqcXSGLuLqJR/TF7KqQ==}
    dependencies:
      '@worker-tools/resolvable-promise': 0.2.0-pre.3
    dev: false

  /@worker-tools/html/2.0.0-pre.6:
    resolution: {integrity: sha512-oUfKYpaSVepSMDgyQ5f0tOF+hkrEE48Xewturp366fa5rBE4mXpQn4ICOALBfD3X58f9PXk0EfG6Z9XCt4WYoA==}
    dependencies:
      whatwg-stream-to-async-iter: 0.4.3
    dev: false

  /@worker-tools/middleware/0.1.0-pre.11:
    resolution: {integrity: sha512-anWVutpMjW+17h4VJvIURi+4ZtWa1g51KvA4hYlLizMb0r4l9K4FqWduD657n4So2Dt5GgY4oijZIeZBwqLmKA==}
    dependencies:
      '@worker-tools/encrypted-cookie-store': 0.3.0-pre.4
      '@worker-tools/extendable-promise': 0.2.0-pre.6
      '@worker-tools/request-cookie-store': 0.5.0-pre.6
      '@worker-tools/resolvable-promise': 0.2.0-pre.3
      '@worker-tools/response-creators': 1.2.0-pre.3
      '@worker-tools/signed-cookie-store': 0.3.0-pre.6
      base64-encoding: 0.15.0-alpha.0
      kv-storage-interface: 0.2.0
      msgpackr: 1.5.5
      negotiated: 1.0.2
      ts-functional-pipe: 3.1.2
      urlpattern-polyfill: 4.0.3
      uuid-class: 0.13.0-alpha.0
    dev: false

  /@worker-tools/request-cookie-store/0.5.0-pre.6:
    resolution: {integrity: sha512-1AE9mganiNmF8xwiPKZAnTjKF3+Axc5nDB6WOrkUl0w0r/1nWqzjS/YeDCwgJjtwASvxztxa9XY97DZeieSFlQ==}
    dependencies:
      cookie-store-interface: 0.1.1
    dev: false

  /@worker-tools/resolvable-promise/0.2.0-pre.3:
    resolution: {integrity: sha512-EA3U2EHOC0sc3jAywqz2gqHidihlpGOhzKtCNBFkWKFEdPR9thy36GoqHZtWfWnecdi4TUojP9SEUPG0oWv9eQ==}
    dev: false

  /@worker-tools/response-creators/1.2.0-pre.3:
    resolution: {integrity: sha512-ypKSfu35HU7tb9LmiqA23hNVp892HZ6yLqBnOs+uMABUba+Z3OCTsXlPON73zaC+ubVuI+TRoU7ofDxlmeyC4A==}
    dev: false

  /@worker-tools/router/0.1.0-pre.13:
    resolution: {integrity: sha512-To6izqLbehXa+7RQYSLofKCqqlzYI/TbZ9dYsX+eZ+I3dJ6NzOAdt1A4wICqy4fNzLB6+CZSxm//1qkHEX4mmg==}
    dependencies:
      '@worker-tools/middleware': 0.1.0-pre.11
      '@worker-tools/response-creators': 1.2.0-pre.3
      urlpattern-polyfill: 4.0.3
    dev: false

  /@worker-tools/signed-cookie-store/0.3.0-pre.6:
    resolution: {integrity: sha512-y7dwnz+lw+EJkntIBnFJhTV/AM/kMggyZvbOqGI7mdMV0jdXe4RBhcOApoNNExf6VqgWgaHP0wInXJQIPiCsxg==}
    dependencies:
      base64-encoding: 0.15.0-alpha.0
      cookie-store-interface: 0.1.1
      typed-array-utils: 0.2.2
      uuid-class: 0.13.0-alpha.0
    dev: false

  /base64-encoding/0.15.0-alpha.0:
    resolution: {integrity: sha512-uqf17NvS+fbYzYj0bVP4SfrzcppvDrGX60fDljhGhSUzKcCwoIRx8vOGGo35D24F+EkzEv4X8WljBu7ZzPZquw==}
    dev: false

  /buffer-from/1.1.2:
    resolution: {integrity: sha512-E+XQCRwSbaaiChtv6k6Dwgc+bx+Bs6vuKJHHl5kox/BaKbhiXzqQOwK4cO22yElGp2OCmjwVhT3HmxgyPGnJfQ==}
    dev: true

  /busboy/0.3.1:
    resolution: {integrity: sha512-y7tTxhGKXcyBxRKAni+awqx8uqaJKrSFSNFSeRG5CsWNdmy2BIK+6VGWEW7TZnIO/533mtMEA4rOevQV815YJw==}
    engines: {node: '>=4.5.0'}
    dependencies:
      dicer: 0.3.0
    dev: true

  /cookie-store-interface/0.1.1:
    resolution: {integrity: sha512-fwEY2FxGL4c2YVNHuTSaxNph9whnvVs5gRMhQ2Lr33CzQJkFlRyElSo4PDvGSVnv4Ps++i17+uNI/GYAM6ciBg==}
    dev: false

  /cookie/0.4.2:
    resolution: {integrity: sha512-aSWTXFzaKWkvHO1Ny/s+ePFpvKsPnjc551iI41v3ny/ow6tBG5Vd+FuqGNhh1LxOmVzOlGUriIlOaokOvhaStA==}
    engines: {node: '>= 0.6'}
    dev: true

  /cron-schedule/3.0.5:
    resolution: {integrity: sha512-YjtB4jy7RJEX8j9GokHp+y8S/ihCHjrD2Z3E13LSGP/+G0Sdv+MEKsZu5wPLLWwW1HQc4HwpGMFU3GUTStZTaA==}
    dev: true

  /dicer/0.3.0:
    resolution: {integrity: sha512-MdceRRWqltEG2dZqO769g27N/3PXfcKl04VhYnBlo2YhH7zPi88VebsjTKclaOyiuMaGU72hTfw3VkUitGcVCA==}
    engines: {node: '>=4.5.0'}
    dependencies:
      streamsearch: 0.1.2
    dev: true

  /dotenv/10.0.0:
    resolution: {integrity: sha512-rlBi9d8jpv9Sf1klPjNfFAuWDjKLwTIJJ/VxtoTwIR6hnZxcEOQCZg2oIL3MWBYw5GpUDKOEnND7LXTbIpQ03Q==}
    engines: {node: '>=10'}
    dev: true

  /esbuild-android-64/0.14.34:
    resolution: {integrity: sha512-XfxcfJqmMYsT/LXqrptzFxmaR3GWzXHDLdFNIhm6S00zPaQF1TBBWm+9t0RZ6LRR7iwH57DPjaOeW20vMqI4Yw==}
    engines: {node: '>=12'}
    cpu: [x64]
    os: [android]
    requiresBuild: true
    dev: true
    optional: true

  /esbuild-android-arm64/0.14.34:
    resolution: {integrity: sha512-T02+NXTmSRL1Mc6puz+R9CB54rSPICkXKq6+tw8B6vxZFnCPzbJxgwIX4kcluz9p8nYBjF3+lSilTGWb7+Xgew==}
    engines: {node: '>=12'}
    cpu: [arm64]
    os: [android]
    requiresBuild: true
    dev: true
    optional: true

  /esbuild-darwin-64/0.14.34:
    resolution: {integrity: sha512-pLRip2Bh4Ng7Bf6AMgCrSp3pPe/qZyf11h5Qo2mOfJqLWzSVjxrXW+CFRJfrOVP7TCnh/gmZSM2AFdCPB72vtw==}
    engines: {node: '>=12'}
    cpu: [x64]
    os: [darwin]
    requiresBuild: true
    dev: true
    optional: true

  /esbuild-darwin-arm64/0.14.34:
    resolution: {integrity: sha512-vpidSJEBxx6lf1NWgXC+DCmGqesJuZ5Y8aQVVsaoO4i8tRXbXb0whChRvop/zd3nfNM4dIl5EXAky0knRX5I6w==}
    engines: {node: '>=12'}
    cpu: [arm64]
    os: [darwin]
    requiresBuild: true
    dev: true
    optional: true

  /esbuild-freebsd-64/0.14.34:
    resolution: {integrity: sha512-m0HBjePhe0hAQJgtMRMNV9kMgIyV4/qSnzPx42kRMQBcPhgjAq1JRu4Il26czC+9FgpMbFkUktb07f/Lwnc6CA==}
    engines: {node: '>=12'}
    cpu: [x64]
    os: [freebsd]
    requiresBuild: true
    dev: true
    optional: true

  /esbuild-freebsd-arm64/0.14.34:
    resolution: {integrity: sha512-cpRc2B94L1KvMPPYB4D6G39jLqpKlD3noAMY4/e86iXXXkhUYJJEtTuyNFTa9JRpWM0xCAp4mxjHjoIiLuoCLA==}
    engines: {node: '>=12'}
    cpu: [arm64]
    os: [freebsd]
    requiresBuild: true
    dev: true
    optional: true

  /esbuild-linux-32/0.14.34:
    resolution: {integrity: sha512-8nQaEaoW7MH/K/RlozJa+lE1ejHIr8fuPIHhc513UebRav7HtXgQvxHQ6VZRUkWtep23M6dd7UqhwO1tMOfzQQ==}
    engines: {node: '>=12'}
    cpu: [ia32]
    os: [linux]
    requiresBuild: true
    dev: true
    optional: true

  /esbuild-linux-64/0.14.34:
    resolution: {integrity: sha512-Y3of4qQoLLlAgf042MlrY1P+7PnN9zWj8nVtw9XQG5hcLOZLz7IKpU35oeu7n4wvyaZHwvQqDJ93gRLqdJekcQ==}
    engines: {node: '>=12'}
    cpu: [x64]
    os: [linux]
    requiresBuild: true
    dev: true
    optional: true

  /esbuild-linux-arm/0.14.34:
    resolution: {integrity: sha512-9lpq1NcJqssAF7alCO6zL3gvBVVt/lKw4oetUM7OgNnRX0OWpB+ZIO9FwCrSj/dMdmgDhPLf+119zB8QxSMmAg==}
    engines: {node: '>=12'}
    cpu: [arm]
    os: [linux]
    requiresBuild: true
    dev: true
    optional: true

  /esbuild-linux-arm64/0.14.34:
    resolution: {integrity: sha512-IlWaGtj9ir7+Nrume1DGcyzBDlK8GcnJq0ANKwcI9pVw8tqr+6GD0eqyF9SF1mR8UmAp+odrx1H5NdR2cHdFHA==}
    engines: {node: '>=12'}
    cpu: [arm64]
    os: [linux]
    requiresBuild: true
    dev: true
    optional: true

  /esbuild-linux-mips64le/0.14.34:
    resolution: {integrity: sha512-k3or+01Rska1AjUyNjA4buEwB51eyN/xPQAoOx1CjzAQC3l8rpjUDw55kXyL63O/1MUi4ISvtNtl8gLwdyEcxw==}
    engines: {node: '>=12'}
    cpu: [mips64el]
    os: [linux]
    requiresBuild: true
    dev: true
    optional: true

  /esbuild-linux-ppc64le/0.14.34:
    resolution: {integrity: sha512-+qxb8M9FfM2CJaVU7GgYpJOHM1ngQOx+/VrtBjb4C8oVqaPcESCeg2anjl+HRZy8VpYc71q/iBYausPPbJ+Keg==}
    engines: {node: '>=12'}
    cpu: [ppc64]
    os: [linux]
    requiresBuild: true
    dev: true
    optional: true

  /esbuild-linux-riscv64/0.14.34:
    resolution: {integrity: sha512-Y717ltBdQ5j5sZIHdy1DV9kieo0wMip0dCmVSTceowCPYSn1Cg33Kd6981+F/3b9FDMzNWldZFOBRILViENZSA==}
    engines: {node: '>=12'}
    cpu: [riscv64]
    os: [linux]
    requiresBuild: true
    dev: true
    optional: true

  /esbuild-linux-s390x/0.14.34:
    resolution: {integrity: sha512-bDDgYO4LhL4+zPs+WcBkXph+AQoPcQRTv18FzZS0WhjfH8TZx2QqlVPGhmhZ6WidrY+jKthUqO6UhGyIb4MpmA==}
    engines: {node: '>=12'}
    cpu: [s390x]
    os: [linux]
    requiresBuild: true
    dev: true
    optional: true

  /esbuild-netbsd-64/0.14.34:
    resolution: {integrity: sha512-cfaFGXdRt0+vHsjNPyF0POM4BVSHPSbhLPe8mppDc7GDDxjIl08mV1Zou14oDWMp/XZMjYN1kWYRSfftiD0vvQ==}
    engines: {node: '>=12'}
    cpu: [x64]
    os: [netbsd]
    requiresBuild: true
    dev: true
    optional: true

  /esbuild-openbsd-64/0.14.34:
    resolution: {integrity: sha512-vmy9DxXVnRiI14s8GKuYBtess+EVcDALkbpTqd5jw4XITutIzyB7n4x0Tj5utAkKsgZJB22lLWGekr0ABnSLow==}
    engines: {node: '>=12'}
    cpu: [x64]
    os: [openbsd]
    requiresBuild: true
    dev: true
    optional: true

  /esbuild-sunos-64/0.14.34:
    resolution: {integrity: sha512-eNPVatNET1F7tRMhii7goL/eptfxc0ALRjrj9SPFNqp0zmxrehBFD6BaP3R4LjMn6DbMO0jOAnTLFKr8NqcJAA==}
    engines: {node: '>=12'}
    cpu: [x64]
    os: [sunos]
    requiresBuild: true
    dev: true
    optional: true

  /esbuild-windows-32/0.14.34:
    resolution: {integrity: sha512-EFhpXyHEcnqWYe2rAHFd8dRw8wkrd9U+9oqcyoEL84GbanAYjiiIjBZsnR8kl0sCQ5w6bLpk7vCEIA2VS32Vcg==}
    engines: {node: '>=12'}
    cpu: [ia32]
    os: [win32]
    requiresBuild: true
    dev: true
    optional: true

  /esbuild-windows-64/0.14.34:
    resolution: {integrity: sha512-a8fbl8Ky7PxNEjf1aJmtxdDZj32/hC7S1OcA2ckEpCJRTjiKslI9vAdPpSjrKIWhws4Galpaawy0nB7fjHYf5Q==}
    engines: {node: '>=12'}
    cpu: [x64]
    os: [win32]
    requiresBuild: true
    dev: true
    optional: true

  /esbuild-windows-arm64/0.14.34:
    resolution: {integrity: sha512-EYvmKbSa2B3sPnpC28UEu9jBK5atGV4BaVRE7CYGUci2Hlz4AvtV/LML+TcDMT6gBgibnN2gcltWclab3UutMg==}
    engines: {node: '>=12'}
    cpu: [arm64]
    os: [win32]
    requiresBuild: true
    dev: true
    optional: true

  /esbuild/0.14.34:
    resolution: {integrity: sha512-QIWdPT/gFF6hCaf4m7kP0cJ+JIuFkdHibI7vVFvu3eJS1HpVmYHWDulyN5WXwbRA0SX/7ZDaJ/1DH8SdY9xOJg==}
    engines: {node: '>=12'}
    hasBin: true
    requiresBuild: true
    optionalDependencies:
      esbuild-android-64: 0.14.34
      esbuild-android-arm64: 0.14.34
      esbuild-darwin-64: 0.14.34
      esbuild-darwin-arm64: 0.14.34
      esbuild-freebsd-64: 0.14.34
      esbuild-freebsd-arm64: 0.14.34
      esbuild-linux-32: 0.14.34
      esbuild-linux-64: 0.14.34
      esbuild-linux-arm: 0.14.34
      esbuild-linux-arm64: 0.14.34
      esbuild-linux-mips64le: 0.14.34
      esbuild-linux-ppc64le: 0.14.34
      esbuild-linux-riscv64: 0.14.34
      esbuild-linux-s390x: 0.14.34
      esbuild-netbsd-64: 0.14.34
      esbuild-openbsd-64: 0.14.34
      esbuild-sunos-64: 0.14.34
      esbuild-windows-32: 0.14.34
      esbuild-windows-64: 0.14.34
      esbuild-windows-arm64: 0.14.34
    dev: true

  /html-rewriter-wasm/0.4.1:
    resolution: {integrity: sha512-lNovG8CMCCmcVB1Q7xggMSf7tqPCijZXaH4gL6iE8BFghdQCbaY5Met9i1x2Ex8m/cZHDUtXK9H6/znKamRP8Q==}
    dev: true

  /http-cache-semantics/4.1.0:
    resolution: {integrity: sha512-carPklcUh7ROWRK7Cv27RPtdhYhUsela/ue5/jKzjegVvXDqM2ILE9Q2BGn9JZJh1g87cp56su/FgQSzcWS8cQ==}
    dev: true

  /ignore/5.2.0:
    resolution: {integrity: sha512-CmxgYGiEPCLhfLnpPp1MoRmifwEIOgjcHXxOBjv7mY96c+eWScsOP9c112ZyLdWHi0FxHjI+4uVhKYp/gcdRmQ==}
    engines: {node: '>= 4'}
    dev: true

  /kleur/4.1.4:
    resolution: {integrity: sha512-8QADVssbrFjivHWQU7KkMgptGTl6WAcSdlbBPY4uNF+mWr6DGcKrvY2w4FQJoXch7+fKMjj0dRrL75vk3k23OA==}
    engines: {node: '>=6'}
    dev: true

  /kv-storage-interface/0.2.0:
    resolution: {integrity: sha512-W1QWU/6yj7j7pXRoXkOwv/QEieiaBHcEEeYSPY6D7w7mgwx2NuC0FRS8D6/gSKyfharRXR01aLiEkKRjZMGCOQ==}
    dev: false

  /miniflare/2.4.0:
    resolution: {integrity: sha512-xOBL/dQsUL95rxIYO+KrrVPPpm2TAf6TKl4AvhcjSfUeVkzDWd/y9f7hXCt8x6srDoK0Z2LpYouatvSfSUzGOw==}
    engines: {node: '>=16.7'}
    hasBin: true
    peerDependencies:
      '@miniflare/storage-redis': 2.4.0
      cron-schedule: ^3.0.4
      ioredis: ^4.27.9
    peerDependenciesMeta:
      '@miniflare/storage-redis':
        optional: true
      cron-schedule:
        optional: true
      ioredis:
        optional: true
    dependencies:
      '@miniflare/cache': 2.4.0
      '@miniflare/cli-parser': 2.4.0
      '@miniflare/core': 2.4.0
      '@miniflare/durable-objects': 2.4.0
      '@miniflare/html-rewriter': 2.4.0
      '@miniflare/http-server': 2.4.0
      '@miniflare/kv': 2.4.0
      '@miniflare/runner-vm': 2.4.0
      '@miniflare/scheduler': 2.4.0
      '@miniflare/shared': 2.4.0
      '@miniflare/sites': 2.4.0
      '@miniflare/storage-file': 2.4.0
      '@miniflare/storage-memory': 2.4.0
      '@miniflare/web-sockets': 2.4.0
      kleur: 4.1.4
      semiver: 1.1.0
      source-map-support: 0.5.21
      undici: 4.13.0
    transitivePeerDependencies:
      - bufferutil
      - utf-8-validate
    dev: true

  /msgpackr-extract-darwin-arm64/1.1.0:
    resolution: {integrity: sha512-s1kHoT12tS2cCQOv+Wl3I+/cYNJXBPtwQqGA+dPYoXmchhXiE0Nso+BIfvQ5PxbmAyjj54Q5o7PnLTqVquNfZA==}
    cpu: [arm64]
    os: [darwin]
    requiresBuild: true
    dev: false
    optional: true

  /msgpackr-extract-darwin-x64/1.1.0:
    resolution: {integrity: sha512-yx/H/i12IKg4eWGu/eKdKzJD4jaYvvujQSaVmeOMCesbSQnWo5X6YR9TFjoiNoU9Aexk1KufzL9gW+1DozG1yw==}
    cpu: [x64]
    os: [darwin]
    requiresBuild: true
    dev: false
    optional: true

  /msgpackr-extract-linux-arm/1.1.0:
    resolution: {integrity: sha512-0VvSCqi12xpavxl14gMrauwIzHqHbmSChUijy/uo3mpjB1Pk4vlisKpZsaOZvNJyNKj0ACi5jYtbWnnOd7hYGw==}
    cpu: [arm]
    os: [linux]
    requiresBuild: true
    dev: false
    optional: true

  /msgpackr-extract-linux-arm64/1.1.0:
    resolution: {integrity: sha512-AxFle3fHNwz2V4CYDIGFxI6o/ZuI0lBKg0uHI8EcCMUmDE5mVAUWYge5WXmORVvb8sVWyVgFlmi3MTu4Ve6tNQ==}
    cpu: [arm64]
    os: [linux]
    requiresBuild: true
    dev: false
    optional: true

  /msgpackr-extract-linux-x64/1.1.0:
    resolution: {integrity: sha512-O+XoyNFWpdB8oQL6O/YyzffPpmG5rTNrr1nKLW70HD2ENJUhcITzbV7eZimHPzkn8LAGls1tBaMTHQezTBpFOw==}
    cpu: [x64]
    os: [linux]
    requiresBuild: true
    dev: false
    optional: true

  /msgpackr-extract-win32-x64/1.1.0:
    resolution: {integrity: sha512-6AJdM5rNsL4yrskRfhujVSPEd6IBpgvsnIT/TPowKNLQ62iIdryizPY2PJNFiW3AJcY249AHEiDBXS1cTDPxzA==}
    cpu: [x64]
    os: [win32]
    requiresBuild: true
    dev: false
    optional: true

  /msgpackr-extract/1.1.4:
    resolution: {integrity: sha512-WQbHvsThprXh+EqZYy+SQFEs7z6bNM7a0vgirwUfwUcphWGT2mdPcpyLCNiRsN6w5q5VKJUMblHY+tNEyceb9Q==}
    requiresBuild: true
    dependencies:
      node-gyp-build-optional-packages: 4.3.2
    optionalDependencies:
      msgpackr-extract-darwin-arm64: 1.1.0
      msgpackr-extract-darwin-x64: 1.1.0
      msgpackr-extract-linux-arm: 1.1.0
      msgpackr-extract-linux-arm64: 1.1.0
      msgpackr-extract-linux-x64: 1.1.0
      msgpackr-extract-win32-x64: 1.1.0
    dev: false
    optional: true

  /msgpackr/1.5.5:
    resolution: {integrity: sha512-JG0V47xRIQ9pyUnx6Hb4+3TrQoia2nA3UIdmyTldhxaxtKFkekkKpUW/N6fwHwod9o4BGuJGtouxOk+yCP5PEA==}
    optionalDependencies:
      msgpackr-extract: 1.1.4
    dev: false

  /mustache/4.2.0:
    resolution: {integrity: sha512-71ippSywq5Yb7/tVYyGbkBggbU8H3u5Rz56fH60jGFgr8uHwxs+aSKeqmluIVzM0m0kB7xQjKS6qPfd0b2ZoqQ==}
    hasBin: true
    dev: true

  /negotiated/1.0.2:
    resolution: {integrity: sha512-fRArKF8+FAcNJU9hc2ND3ezUM18yrEYqzyAZX7O0VHutJVOkWQo5N1fDVVFSncWyWoulUBunuZvKg0JUehTiRQ==}
    dev: false

  /node-forge/1.3.1:
    resolution: {integrity: sha512-dPEtOeMvF9VMcYV/1Wb8CPoVAXtp6MKMlcbAt4ddqmGqUJ6fQZFXkNZNkNlfevtNkGtaSoXf/vNNNSvgrdXwtA==}
    engines: {node: '>= 6.13.0'}
    dev: true

  /node-gyp-build-optional-packages/4.3.2:
    resolution: {integrity: sha512-P5Ep3ISdmwcCkZIaBaQamQtWAG0facC89phWZgi5Z3hBU//J6S48OIvyZWSPPf6yQMklLZiqoosWAZUj7N+esA==}
    hasBin: true
    dev: false
    optional: true

  /selfsigned/2.0.1:
    resolution: {integrity: sha512-LmME957M1zOsUhG+67rAjKfiWFox3SBxE/yymatMZsAx+oMrJ0YQ8AToOnyCm7xbeg2ep37IHLxdu0o2MavQOQ==}
    engines: {node: '>=10'}
    dependencies:
      node-forge: 1.3.1
    dev: true

  /semiver/1.1.0:
    resolution: {integrity: sha512-QNI2ChmuioGC1/xjyYwyZYADILWyW6AmS1UH6gDj/SFUUUS4MBAWs/7mxnkRPc/F4iHezDP+O8t0dO8WHiEOdg==}
    engines: {node: '>=6'}
    dev: true

  /set-cookie-parser/2.4.8:
    resolution: {integrity: sha512-edRH8mBKEWNVIVMKejNnuJxleqYE/ZSdcT8/Nem9/mmosx12pctd80s2Oy00KNZzrogMZS5mauK2/ymL1bvlvg==}
    dev: true

  /source-map-support/0.5.21:
    resolution: {integrity: sha512-uBHU3L3czsIyYXKX88fdrGovxdSCoTGDRZ6SYXtSRxLZUzHg5P/66Ht6uoUlHu9EZod+inXhKo3qQgwXUT/y1w==}
    dependencies:
      buffer-from: 1.1.2
      source-map: 0.6.1
    dev: true

  /source-map/0.6.1:
    resolution: {integrity: sha512-UjgapumWlbMhkBgzT7Ykc5YXUT46F0iKu8SGXq0bcwP5dz/h0Plj6enJqjz1Zbq2l5WaqYnrVbwWOWMyF3F47g==}
    engines: {node: '>=0.10.0'}
    dev: true

  /stack-trace/0.0.10:
    resolution: {integrity: sha1-VHxws0fo0ytOEI6hoqFZ5f3eGcA=}
    dev: true

  /streamsearch/0.1.2:
    resolution: {integrity: sha1-gIudDlb8Jz2Am6VzOOkpkZoanxo=}
    engines: {node: '>=0.8.0'}
    dev: true

  /ts-functional-pipe/3.1.2:
    resolution: {integrity: sha512-3Zmj39yTFtzrwrLn5ifQKHmUQQ6uh7+NUVUZ2hsBgeF2JzwkmlVErbxoktNA20E4lmbEJK8NEoEZOrETLRiWzw==}
    engines: {node: '>=6.0.0'}
    dependencies:
      tslib: 2.3.1
    dev: false

  /tslib/2.3.1:
    resolution: {integrity: sha512-77EbyPPpMz+FRFRuAFlWMtmgUWGe9UOG2Z25NqCwiIjRhOf5iKGuzSe5P2w1laq+FkRy4p+PCuVkJSGkzTEKVw==}
    dev: false

  /typed-array-utils/0.2.2:
    resolution: {integrity: sha512-xq2oNAgDAZKsmzu7KQXDe9cLKiOYZn+6h5VMzcg1BmiiGPlCxMu1mh+tiWzydfIFGdNBs8/WS78ZPkTdHhnxlg==}
    dev: false

  /undici/4.13.0:
    resolution: {integrity: sha512-8lk8S/f2V0VUNGf2scU2b+KI2JSzEQLdCyRNRF3XmHu+5jectlSDaPSBCXAHFaUlt1rzngzOBVDgJS9/Gue/KA==}
    engines: {node: '>=12.18'}
    dev: true

  /urlpattern-polyfill/4.0.3:
    resolution: {integrity: sha512-DOE84vZT2fEcl9gqCUTcnAw5ZY5Id55ikUcziSUntuEFL3pRvavg5kwDmTEUJkeCHInTlV/HexFomgYnzO5kdQ==}
    dev: false

  /uuid-class/0.13.0-alpha.0:
    resolution: {integrity: sha512-RIjnc3V/nTdHp9NU9yaCBpLUF6HaNH+Zm/f6HGLJL/mJlrL6mfrcPIOkM8mktX/6hZlyCQ6OhfLH7YX4GNXfig==}
    dependencies:
      typed-array-utils: 0.2.2
    dev: false

  /whatwg-stream-to-async-iter/0.4.3:
    resolution: {integrity: sha512-ny/kybzAItug2ROJXudRXkWnWE5pUjiab4Dm+Dn/pjHT+O9OmuZm9BnGu7hvqlCvBtW5lCYB0DnFEI3tmQj/9Q==}
    dependencies:
      tslib: 2.3.1
    dev: false

  /ws/8.5.0:
    resolution: {integrity: sha512-BWX0SWVgLPzYwF8lTzEy1egjhS4S4OEAHfsO8o65WOVsrnSRGaSiUaa9e0ggGlkMTtBlmOpEXiie9RUcBO86qg==}
    engines: {node: '>=10.0.0'}
    peerDependencies:
      bufferutil: ^4.0.1
      utf-8-validate: ^5.0.2
    peerDependenciesMeta:
      bufferutil:
        optional: true
      utf-8-validate:
        optional: true
    dev: true

  /youch/2.2.2:
    resolution: {integrity: sha512-/FaCeG3GkuJwaMR34GHVg0l8jCbafZLHiFowSjqLlqhC6OMyf2tPJBu8UirF7/NI9X/R5ai4QfEKUCOxMAGxZQ==}
    dependencies:
      '@types/stack-trace': 0.0.29
      cookie: 0.4.2
      mustache: 4.2.0
      stack-trace: 0.0.10
    dev: true
